
Microsoft Visual Studio Solution File, Format Version 12.00
# Visual Studio Version 17
VisualStudioVersion = 17.0.32126.317
MinimumVisualStudioVersion = 10.0.40219.1
Project("{8BC9CEB8-8B4A-11D0-8D11-00A0C91BC942}") = "Functions", "Functions\Functions.vcxproj", "{3830CB2C-0CAC-49B7-AAE2-DFE2E9D762AE}"
EndProject
Project("{8BC9CEB8-8B4A-11D0-8D11-00A0C91BC942}") = "Dublicates Home work2", "Dublicates with Function\Dublicates with Function.vcxproj", "{D80157A6-50FD-4652-885C-6DA125ADCD76}"
EndProject
Project("{8BC9CEB8-8B4A-11D0-8D11-00A0C91BC942}") = "Arrays", "Arrays\Arrays.vcxproj", "{578399C7-DD5C-4574-ADBB-56246A72FF3F}"
EndProject
Project("{8BC9CEB8-8B4A-11D0-8D11-00A0C91BC942}") = "Function home practic", "Function home practic\Function home practic.vcxproj", "{87485A4C-D841-4147-B9DC-B06ACFC345A1}"
EndProject
Project("{8BC9CEB8-8B4A-11D0-8D11-00A0C91BC942}") = "Recursion", "Recursion\Recursion.vcxproj", "{6978A854-D640-4DDE-B244-55A15DB1284F}"
EndProject
Project("{8BC9CEB8-8B4A-11D0-8D11-00A0C91BC942}") = "func with recursion", "func with recursion\func with recursion.vcxproj", "{15CCBBC8-4205-43AD-8B66-6CCD2F609258}"
EndProject
Project("{8BC9CEB8-8B4A-11D0-8D11-00A0C91BC942}") = "TicTac toe", "TicTac toe\TicTac toe.vcxproj", "{464F1346-5B22-442F-BB87-875F6F8C4322}"
EndProject
Global
	GlobalSection(SolutionConfigurationPlatforms) = preSolution
		Debug|x64 = Debug|x64
		Debug|x86 = Debug|x86
		Release|x64 = Release|x64
		Release|x86 = Release|x86
	EndGlobalSection
	GlobalSection(ProjectConfigurationPlatforms) = postSolution
		{3830CB2C-0CAC-49B7-AAE2-DFE2E9D762AE}.Debug|x64.ActiveCfg = Debug|x64
		{3830CB2C-0CAC-49B7-AAE2-DFE2E9D762AE}.Debug|x64.Build.0 = Debug|x64
		{3830CB2C-0CAC-49B7-AAE2-DFE2E9D762AE}.Debug|x86.ActiveCfg = Debug|Win32
		{3830CB2C-0CAC-49B7-AAE2-DFE2E9D762AE}.Debug|x86.Build.0 = Debug|Win32
		{3830CB2C-0CAC-49B7-AAE2-DFE2E9D762AE}.Release|x64.ActiveCfg = Release|x64
		{3830CB2C-0CAC-49B7-AAE2-DFE2E9D762AE}.Release|x64.Build.0 = Release|x64
		{3830CB2C-0CAC-49B7-AAE2-DFE2E9D762AE}.Release|x86.ActiveCfg = Release|Win32
		{3830CB2C-0CAC-49B7-AAE2-DFE2E9D762AE}.Release|x86.Build.0 = Release|Win32
		{D80157A6-50FD-4652-885C-6DA125ADCD76}.Debug|x64.ActiveCfg = Debug|x64
		{D80157A6-50FD-4652-885C-6DA125ADCD76}.Debug|x64.Build.0 = Debug|x64
		{D80157A6-50FD-4652-885C-6DA125ADCD76}.Debug|x86.ActiveCfg = Debug|Win32
		{D80157A6-50FD-4652-885C-6DA125ADCD76}.Debug|x86.Build.0 = Debug|Win32
		{D80157A6-50FD-4652-885C-6DA125ADCD76}.Release|x64.ActiveCfg = Release|x64
		{D80157A6-50FD-4652-885C-6DA125ADCD76}.Release|x64.Build.0 = Release|x64
		{D80157A6-50FD-4652-885C-6DA125ADCD76}.Release|x86.ActiveCfg = Release|Win32
		{D80157A6-50FD-4652-885C-6DA125ADCD76}.Release|x86.Build.0 = Release|Win32
		{578399C7-DD5C-4574-ADBB-56246A72FF3F}.Debug|x64.ActiveCfg = Debug|x64
		{578399C7-DD5C-4574-ADBB-56246A72FF3F}.Debug|x64.Build.0 = Debug|x64
		{578399C7-DD5C-4574-ADBB-56246A72FF3F}.Debug|x86.ActiveCfg = Debug|Win32
		{578399C7-DD5C-4574-ADBB-56246A72FF3F}.Debug|x86.Build.0 = Debug|Win32
		{578399C7-DD5C-4574-ADBB-56246A72FF3F}.Release|x64.ActiveCfg = Release|x64
		{578399C7-DD5C-4574-ADBB-56246A72FF3F}.Release|x64.Build.0 = Release|x64
		{578399C7-DD5C-4574-ADBB-56246A72FF3F}.Release|x86.ActiveCfg = Release|Win32
		{578399C7-DD5C-4574-ADBB-56246A72FF3F}.Release|x86.Build.0 = Release|Win32
		{87485A4C-D841-4147-B9DC-B06ACFC345A1}.Debug|x64.ActiveCfg = Debug|x64
		{87485A4C-D841-4147-B9DC-B06ACFC345A1}.Debug|x64.Build.0 = Debug|x64
		{87485A4C-D841-4147-B9DC-B06ACFC345A1}.Debug|x86.ActiveCfg = Debug|Win32
		{87485A4C-D841-4147-B9DC-B06ACFC345A1}.Debug|x86.Build.0 = Debug|Win32
		{87485A4C-D841-4147-B9DC-B06ACFC345A1}.Release|x64.ActiveCfg = Release|x64
		{87485A4C-D841-4147-B9DC-B06ACFC345A1}.Release|x64.Build.0 = Release|x64
		{87485A4C-D841-4147-B9DC-B06ACFC345A1}.Release|x86.ActiveCfg = Release|Win32
		{87485A4C-D841-4147-B9DC-B06ACFC345A1}.Release|x86.Build.0 = Release|Win32
		{6978A854-D640-4DDE-B244-55A15DB1284F}.Debug|x64.ActiveCfg = Debug|x64
		{6978A854-D640-4DDE-B244-55A15DB1284F}.Debug|x64.Build.0 = Debug|x64
		{6978A854-D640-4DDE-B244-55A15DB1284F}.Debug|x86.ActiveCfg = Debug|Win32
		{6978A854-D640-4DDE-B244-55A15DB1284F}.Debug|x86.Build.0 = Debug|Win32
		{6978A854-D640-4DDE-B244-55A15DB1284F}.Release|x64.ActiveCfg = Release|x64
		{6978A854-D640-4DDE-B244-55A15DB1284F}.Release|x64.Build.0 = Release|x64
		{6978A854-D640-4DDE-B244-55A15DB1284F}.Release|x86.ActiveCfg = Release|Win32
		{6978A854-D640-4DDE-B244-55A15DB1284F}.Release|x86.Build.0 = Release|Win32
		{15CCBBC8-4205-43AD-8B66-6CCD2F609258}.Debug|x64.ActiveCfg = Debug|x64
		{15CCBBC8-4205-43AD-8B66-6CCD2F609258}.Debug|x64.Build.0 = Debug|x64
		{15CCBBC8-4205-43AD-8B66-6CCD2F609258}.Debug|x86.ActiveCfg = Debug|Win32
		{15CCBBC8-4205-43AD-8B66-6CCD2F609258}.Debug|x86.Build.0 = Debug|Win32
		{15CCBBC8-4205-43AD-8B66-6CCD2F609258}.Release|x64.ActiveCfg = Release|x64
		{15CCBBC8-4205-43AD-8B66-6CCD2F609258}.Release|x64.Build.0 = Release|x64
		{15CCBBC8-4205-43AD-8B66-6CCD2F609258}.Release|x86.ActiveCfg = Release|Win32
		{15CCBBC8-4205-43AD-8B66-6CCD2F609258}.Release|x86.Build.0 = Release|Win32
		{464F1346-5B22-442F-BB87-875F6F8C4322}.Debug|x64.ActiveCfg = Debug|x64
		{464F1346-5B22-442F-BB87-875F6F8C4322}.Debug|x64.Build.0 = Debug|x64
		{464F1346-5B22-442F-BB87-875F6F8C4322}.Debug|x86.ActiveCfg = Debug|Win32
		{464F1346-5B22-442F-BB87-875F6F8C4322}.Debug|x86.Build.0 = Debug|Win32
		{464F1346-5B22-442F-BB87-875F6F8C4322}.Release|x64.ActiveCfg = Release|x64
		{464F1346-5B22-442F-BB87-875F6F8C4322}.Release|x64.Build.0 = Release|x64
		{464F1346-5B22-442F-BB87-875F6F8C4322}.Release|x86.ActiveCfg = Release|Win32
		{464F1346-5B22-442F-BB87-875F6F8C4322}.Release|x86.Build.0 = Release|Win32
	EndGlobalSection
	GlobalSection(SolutionProperties) = preSolution
		HideSolutionNode = FALSE
	EndGlobalSection
	GlobalSection(ExtensibilityGlobals) = postSolution
		SolutionGuid = {9D08EAE5-B9F3-4F08-8265-5B6E324F5A3F}
	EndGlobalSection
EndGlobal
