
Microsoft Visual Studio Solution File, Format Version 12.00
# Visual Studio Version 17
VisualStudioVersion = 17.0.32126.317
MinimumVisualStudioVersion = 10.0.40219.1
Project("{8BC9CEB8-8B4A-11D0-8D11-00A0C91BC942}") = "Homework", "Homework\Homework.vcxproj", "{BFE608E2-060A-41ED-B90C-4CAB4ED45720}"
EndProject
Project("{8BC9CEB8-8B4A-11D0-8D11-00A0C91BC942}") = "home work2", "home work2\home work2.vcxproj", "{97033AA6-B4E6-4079-A8CC-FF833D6F7A1D}"
EndProject
Project("{8BC9CEB8-8B4A-11D0-8D11-00A0C91BC942}") = "Loops", "Loops\Loops.vcxproj", "{4BAAE245-4176-409B-AA0E-640F9D68364F}"
EndProject
Project("{8BC9CEB8-8B4A-11D0-8D11-00A0C91BC942}") = "Shooter", "Shooter\Shooter.vcxproj", "{C2E618D4-B0C7-4A0C-B590-45C57C788749}"
EndProject
Project("{8BC9CEB8-8B4A-11D0-8D11-00A0C91BC942}") = "FOR", "FOR\FOR.vcxproj", "{D8E32378-68BF-41C5-AA2E-20A38EB02CFE}"
EndProject
Project("{8BC9CEB8-8B4A-11D0-8D11-00A0C91BC942}") = "another task", "another task\another task.vcxproj", "{82B3F2CA-7CD9-455F-B384-DA5A5C62DBF4}"
EndProject
Project("{8BC9CEB8-8B4A-11D0-8D11-00A0C91BC942}") = "Home works", "Home works\Home works.vcxproj", "{D7DE338C-DA66-4029-B111-6ADB99A1EF7E}"
EndProject
Project("{8BC9CEB8-8B4A-11D0-8D11-00A0C91BC942}") = "NestedFor", "NestedFor\NestedFor.vcxproj", "{524B3B41-5B45-4531-9848-B3A21C0DB213}"
EndProject
Project("{8BC9CEB8-8B4A-11D0-8D11-00A0C91BC942}") = "Geometry", "Geometry\Geometry.vcxproj", "{DA926703-B7DF-42F1-90D2-0F202F2B1C0C}"
EndProject
Project("{8BC9CEB8-8B4A-11D0-8D11-00A0C91BC942}") = "Class Work 15 03 22", "Class Work 15 03 22\Class Work 15 03 22.vcxproj", "{AA6AA454-2EA4-463C-A1EB-2B637A41AB34}"
EndProject
Project("{8BC9CEB8-8B4A-11D0-8D11-00A0C91BC942}") = "ClassWork 17 03 22", "ClassWork 17 03 22\ClassWork 17 03 22.vcxproj", "{2BE49C90-DF19-4DEB-9AF0-97DFF029C8FB}"
EndProject
Global
	GlobalSection(SolutionConfigurationPlatforms) = preSolution
		Debug|x64 = Debug|x64
		Debug|x86 = Debug|x86
		Release|x64 = Release|x64
		Release|x86 = Release|x86
	EndGlobalSection
	GlobalSection(ProjectConfigurationPlatforms) = postSolution
		{BFE608E2-060A-41ED-B90C-4CAB4ED45720}.Debug|x64.ActiveCfg = Debug|x64
		{BFE608E2-060A-41ED-B90C-4CAB4ED45720}.Debug|x64.Build.0 = Debug|x64
		{BFE608E2-060A-41ED-B90C-4CAB4ED45720}.Debug|x86.ActiveCfg = Debug|Win32
		{BFE608E2-060A-41ED-B90C-4CAB4ED45720}.Debug|x86.Build.0 = Debug|Win32
		{BFE608E2-060A-41ED-B90C-4CAB4ED45720}.Release|x64.ActiveCfg = Release|x64
		{BFE608E2-060A-41ED-B90C-4CAB4ED45720}.Release|x64.Build.0 = Release|x64
		{BFE608E2-060A-41ED-B90C-4CAB4ED45720}.Release|x86.ActiveCfg = Release|Win32
		{BFE608E2-060A-41ED-B90C-4CAB4ED45720}.Release|x86.Build.0 = Release|Win32
		{97033AA6-B4E6-4079-A8CC-FF833D6F7A1D}.Debug|x64.ActiveCfg = Debug|x64
		{97033AA6-B4E6-4079-A8CC-FF833D6F7A1D}.Debug|x64.Build.0 = Debug|x64
		{97033AA6-B4E6-4079-A8CC-FF833D6F7A1D}.Debug|x86.ActiveCfg = Debug|Win32
		{97033AA6-B4E6-4079-A8CC-FF833D6F7A1D}.Debug|x86.Build.0 = Debug|Win32
		{97033AA6-B4E6-4079-A8CC-FF833D6F7A1D}.Release|x64.ActiveCfg = Release|x64
		{97033AA6-B4E6-4079-A8CC-FF833D6F7A1D}.Release|x64.Build.0 = Release|x64
		{97033AA6-B4E6-4079-A8CC-FF833D6F7A1D}.Release|x86.ActiveCfg = Release|Win32
		{97033AA6-B4E6-4079-A8CC-FF833D6F7A1D}.Release|x86.Build.0 = Release|Win32
		{4BAAE245-4176-409B-AA0E-640F9D68364F}.Debug|x64.ActiveCfg = Debug|x64
		{4BAAE245-4176-409B-AA0E-640F9D68364F}.Debug|x64.Build.0 = Debug|x64
		{4BAAE245-4176-409B-AA0E-640F9D68364F}.Debug|x86.ActiveCfg = Debug|Win32
		{4BAAE245-4176-409B-AA0E-640F9D68364F}.Debug|x86.Build.0 = Debug|Win32
		{4BAAE245-4176-409B-AA0E-640F9D68364F}.Release|x64.ActiveCfg = Release|x64
		{4BAAE245-4176-409B-AA0E-640F9D68364F}.Release|x64.Build.0 = Release|x64
		{4BAAE245-4176-409B-AA0E-640F9D68364F}.Release|x86.ActiveCfg = Release|Win32
		{4BAAE245-4176-409B-AA0E-640F9D68364F}.Release|x86.Build.0 = Release|Win32
		{C2E618D4-B0C7-4A0C-B590-45C57C788749}.Debug|x64.ActiveCfg = Debug|x64
		{C2E618D4-B0C7-4A0C-B590-45C57C788749}.Debug|x64.Build.0 = Debug|x64
		{C2E618D4-B0C7-4A0C-B590-45C57C788749}.Debug|x86.ActiveCfg = Debug|Win32
		{C2E618D4-B0C7-4A0C-B590-45C57C788749}.Debug|x86.Build.0 = Debug|Win32
		{C2E618D4-B0C7-4A0C-B590-45C57C788749}.Release|x64.ActiveCfg = Release|x64
		{C2E618D4-B0C7-4A0C-B590-45C57C788749}.Release|x64.Build.0 = Release|x64
		{C2E618D4-B0C7-4A0C-B590-45C57C788749}.Release|x86.ActiveCfg = Release|Win32
		{C2E618D4-B0C7-4A0C-B590-45C57C788749}.Release|x86.Build.0 = Release|Win32
		{D8E32378-68BF-41C5-AA2E-20A38EB02CFE}.Debug|x64.ActiveCfg = Debug|x64
		{D8E32378-68BF-41C5-AA2E-20A38EB02CFE}.Debug|x64.Build.0 = Debug|x64
		{D8E32378-68BF-41C5-AA2E-20A38EB02CFE}.Debug|x86.ActiveCfg = Debug|Win32
		{D8E32378-68BF-41C5-AA2E-20A38EB02CFE}.Debug|x86.Build.0 = Debug|Win32
		{D8E32378-68BF-41C5-AA2E-20A38EB02CFE}.Release|x64.ActiveCfg = Release|x64
		{D8E32378-68BF-41C5-AA2E-20A38EB02CFE}.Release|x64.Build.0 = Release|x64
		{D8E32378-68BF-41C5-AA2E-20A38EB02CFE}.Release|x86.ActiveCfg = Release|Win32
		{D8E32378-68BF-41C5-AA2E-20A38EB02CFE}.Release|x86.Build.0 = Release|Win32
		{82B3F2CA-7CD9-455F-B384-DA5A5C62DBF4}.Debug|x64.ActiveCfg = Debug|x64
		{82B3F2CA-7CD9-455F-B384-DA5A5C62DBF4}.Debug|x64.Build.0 = Debug|x64
		{82B3F2CA-7CD9-455F-B384-DA5A5C62DBF4}.Debug|x86.ActiveCfg = Debug|Win32
		{82B3F2CA-7CD9-455F-B384-DA5A5C62DBF4}.Debug|x86.Build.0 = Debug|Win32
		{82B3F2CA-7CD9-455F-B384-DA5A5C62DBF4}.Release|x64.ActiveCfg = Release|x64
		{82B3F2CA-7CD9-455F-B384-DA5A5C62DBF4}.Release|x64.Build.0 = Release|x64
		{82B3F2CA-7CD9-455F-B384-DA5A5C62DBF4}.Release|x86.ActiveCfg = Release|Win32
		{82B3F2CA-7CD9-455F-B384-DA5A5C62DBF4}.Release|x86.Build.0 = Release|Win32
		{D7DE338C-DA66-4029-B111-6ADB99A1EF7E}.Debug|x64.ActiveCfg = Debug|x64
		{D7DE338C-DA66-4029-B111-6ADB99A1EF7E}.Debug|x64.Build.0 = Debug|x64
		{D7DE338C-DA66-4029-B111-6ADB99A1EF7E}.Debug|x86.ActiveCfg = Debug|Win32
		{D7DE338C-DA66-4029-B111-6ADB99A1EF7E}.Debug|x86.Build.0 = Debug|Win32
		{D7DE338C-DA66-4029-B111-6ADB99A1EF7E}.Release|x64.ActiveCfg = Release|x64
		{D7DE338C-DA66-4029-B111-6ADB99A1EF7E}.Release|x64.Build.0 = Release|x64
		{D7DE338C-DA66-4029-B111-6ADB99A1EF7E}.Release|x86.ActiveCfg = Release|Win32
		{D7DE338C-DA66-4029-B111-6ADB99A1EF7E}.Release|x86.Build.0 = Release|Win32
		{524B3B41-5B45-4531-9848-B3A21C0DB213}.Debug|x64.ActiveCfg = Debug|x64
		{524B3B41-5B45-4531-9848-B3A21C0DB213}.Debug|x64.Build.0 = Debug|x64
		{524B3B41-5B45-4531-9848-B3A21C0DB213}.Debug|x86.ActiveCfg = Debug|Win32
		{524B3B41-5B45-4531-9848-B3A21C0DB213}.Debug|x86.Build.0 = Debug|Win32
		{524B3B41-5B45-4531-9848-B3A21C0DB213}.Release|x64.ActiveCfg = Release|x64
		{524B3B41-5B45-4531-9848-B3A21C0DB213}.Release|x64.Build.0 = Release|x64
		{524B3B41-5B45-4531-9848-B3A21C0DB213}.Release|x86.ActiveCfg = Release|Win32
		{524B3B41-5B45-4531-9848-B3A21C0DB213}.Release|x86.Build.0 = Release|Win32
		{DA926703-B7DF-42F1-90D2-0F202F2B1C0C}.Debug|x64.ActiveCfg = Debug|x64
		{DA926703-B7DF-42F1-90D2-0F202F2B1C0C}.Debug|x64.Build.0 = Debug|x64
		{DA926703-B7DF-42F1-90D2-0F202F2B1C0C}.Debug|x86.ActiveCfg = Debug|Win32
		{DA926703-B7DF-42F1-90D2-0F202F2B1C0C}.Debug|x86.Build.0 = Debug|Win32
		{DA926703-B7DF-42F1-90D2-0F202F2B1C0C}.Release|x64.ActiveCfg = Release|x64
		{DA926703-B7DF-42F1-90D2-0F202F2B1C0C}.Release|x64.Build.0 = Release|x64
		{DA926703-B7DF-42F1-90D2-0F202F2B1C0C}.Release|x86.ActiveCfg = Release|Win32
		{DA926703-B7DF-42F1-90D2-0F202F2B1C0C}.Release|x86.Build.0 = Release|Win32
		{AA6AA454-2EA4-463C-A1EB-2B637A41AB34}.Debug|x64.ActiveCfg = Debug|x64
		{AA6AA454-2EA4-463C-A1EB-2B637A41AB34}.Debug|x64.Build.0 = Debug|x64
		{AA6AA454-2EA4-463C-A1EB-2B637A41AB34}.Debug|x86.ActiveCfg = Debug|Win32
		{AA6AA454-2EA4-463C-A1EB-2B637A41AB34}.Debug|x86.Build.0 = Debug|Win32
		{AA6AA454-2EA4-463C-A1EB-2B637A41AB34}.Release|x64.ActiveCfg = Release|x64
		{AA6AA454-2EA4-463C-A1EB-2B637A41AB34}.Release|x64.Build.0 = Release|x64
		{AA6AA454-2EA4-463C-A1EB-2B637A41AB34}.Release|x86.ActiveCfg = Release|Win32
		{AA6AA454-2EA4-463C-A1EB-2B637A41AB34}.Release|x86.Build.0 = Release|Win32
		{2BE49C90-DF19-4DEB-9AF0-97DFF029C8FB}.Debug|x64.ActiveCfg = Debug|x64
		{2BE49C90-DF19-4DEB-9AF0-97DFF029C8FB}.Debug|x64.Build.0 = Debug|x64
		{2BE49C90-DF19-4DEB-9AF0-97DFF029C8FB}.Debug|x86.ActiveCfg = Debug|Win32
		{2BE49C90-DF19-4DEB-9AF0-97DFF029C8FB}.Debug|x86.Build.0 = Debug|Win32
		{2BE49C90-DF19-4DEB-9AF0-97DFF029C8FB}.Release|x64.ActiveCfg = Release|x64
		{2BE49C90-DF19-4DEB-9AF0-97DFF029C8FB}.Release|x64.Build.0 = Release|x64
		{2BE49C90-DF19-4DEB-9AF0-97DFF029C8FB}.Release|x86.ActiveCfg = Release|Win32
		{2BE49C90-DF19-4DEB-9AF0-97DFF029C8FB}.Release|x86.Build.0 = Release|Win32
	EndGlobalSection
	GlobalSection(SolutionProperties) = preSolution
		HideSolutionNode = FALSE
	EndGlobalSection
	GlobalSection(ExtensibilityGlobals) = postSolution
		SolutionGuid = {2FA6FEAD-CCA3-4F81-B96A-79C45867FD8F}
	EndGlobalSection
EndGlobal
