
Microsoft Visual Studio Solution File, Format Version 12.00
# Visual Studio Version 17
VisualStudioVersion = 17.0.32126.317
MinimumVisualStudioVersion = 10.0.40219.1
Project("{8BC9CEB8-8B4A-11D0-8D11-00A0C91BC942}") = "Arrays", "Arrays\Arrays.vcxproj", "{F2DCBFA2-3C8A-4B51-B96F-B94FFD0D48BD}"
EndProject
Project("{8BC9CEB8-8B4A-11D0-8D11-00A0C91BC942}") = "Shift", "Shift\Shift.vcxproj", "{783E3D7D-8163-4AAB-A1DA-2574EC0780E9}"
EndProject
Project("{8BC9CEB8-8B4A-11D0-8D11-00A0C91BC942}") = "numerics", "numerics\numerics.vcxproj", "{7013EA0E-5636-4043-809B-4C96092C3DB2}"
EndProject
Project("{8BC9CEB8-8B4A-11D0-8D11-00A0C91BC942}") = "Octal", "Octal\Octal.vcxproj", "{631EC86E-F402-405B-B1F1-2F8A0E98AC40}"
EndProject
Project("{8BC9CEB8-8B4A-11D0-8D11-00A0C91BC942}") = "Hexadecimal", "Hexadecimal\Hexadecimal.vcxproj", "{E7CB4165-1819-493F-9669-8C2C99427747}"
EndProject
Project("{8BC9CEB8-8B4A-11D0-8D11-00A0C91BC942}") = "Sort", "Sort\Sort.vcxproj", "{609A47D5-FD57-47BF-8402-7AC396F72515}"
EndProject
Project("{8BC9CEB8-8B4A-11D0-8D11-00A0C91BC942}") = "UniqueRand", "UniqueRand\UniqueRand.vcxproj", "{BADCCC86-AC7F-49B7-A7BD-6222451A79C7}"
EndProject
Project("{8BC9CEB8-8B4A-11D0-8D11-00A0C91BC942}") = "dublicates", "dublicates\dublicates.vcxproj", "{DCEB5153-66B3-4516-83E6-F37326EF9D72}"
EndProject
Project("{8BC9CEB8-8B4A-11D0-8D11-00A0C91BC942}") = "2D", "2D\2D.vcxproj", "{76DB4BB8-F02D-4F08-95A5-6D3F9FC91579}"
EndProject
Project("{8BC9CEB8-8B4A-11D0-8D11-00A0C91BC942}") = "Matrics", "Matrics\Matrics.vcxproj", "{401D7266-C1BC-4D76-AD23-B5758A87EB51}"
EndProject
Project("{8BC9CEB8-8B4A-11D0-8D11-00A0C91BC942}") = "Determinant", "Determinant\Determinant.vcxproj", "{6DDFA356-39E3-4DE7-A667-F1E6D641789C}"
EndProject
Global
	GlobalSection(SolutionConfigurationPlatforms) = preSolution
		Debug|x64 = Debug|x64
		Debug|x86 = Debug|x86
		Release|x64 = Release|x64
		Release|x86 = Release|x86
	EndGlobalSection
	GlobalSection(ProjectConfigurationPlatforms) = postSolution
		{F2DCBFA2-3C8A-4B51-B96F-B94FFD0D48BD}.Debug|x64.ActiveCfg = Debug|x64
		{F2DCBFA2-3C8A-4B51-B96F-B94FFD0D48BD}.Debug|x64.Build.0 = Debug|x64
		{F2DCBFA2-3C8A-4B51-B96F-B94FFD0D48BD}.Debug|x86.ActiveCfg = Debug|Win32
		{F2DCBFA2-3C8A-4B51-B96F-B94FFD0D48BD}.Debug|x86.Build.0 = Debug|Win32
		{F2DCBFA2-3C8A-4B51-B96F-B94FFD0D48BD}.Release|x64.ActiveCfg = Release|x64
		{F2DCBFA2-3C8A-4B51-B96F-B94FFD0D48BD}.Release|x64.Build.0 = Release|x64
		{F2DCBFA2-3C8A-4B51-B96F-B94FFD0D48BD}.Release|x86.ActiveCfg = Release|Win32
		{F2DCBFA2-3C8A-4B51-B96F-B94FFD0D48BD}.Release|x86.Build.0 = Release|Win32
		{783E3D7D-8163-4AAB-A1DA-2574EC0780E9}.Debug|x64.ActiveCfg = Debug|x64
		{783E3D7D-8163-4AAB-A1DA-2574EC0780E9}.Debug|x64.Build.0 = Debug|x64
		{783E3D7D-8163-4AAB-A1DA-2574EC0780E9}.Debug|x86.ActiveCfg = Debug|Win32
		{783E3D7D-8163-4AAB-A1DA-2574EC0780E9}.Debug|x86.Build.0 = Debug|Win32
		{783E3D7D-8163-4AAB-A1DA-2574EC0780E9}.Release|x64.ActiveCfg = Release|x64
		{783E3D7D-8163-4AAB-A1DA-2574EC0780E9}.Release|x64.Build.0 = Release|x64
		{783E3D7D-8163-4AAB-A1DA-2574EC0780E9}.Release|x86.ActiveCfg = Release|Win32
		{783E3D7D-8163-4AAB-A1DA-2574EC0780E9}.Release|x86.Build.0 = Release|Win32
		{7013EA0E-5636-4043-809B-4C96092C3DB2}.Debug|x64.ActiveCfg = Debug|x64
		{7013EA0E-5636-4043-809B-4C96092C3DB2}.Debug|x64.Build.0 = Debug|x64
		{7013EA0E-5636-4043-809B-4C96092C3DB2}.Debug|x86.ActiveCfg = Debug|Win32
		{7013EA0E-5636-4043-809B-4C96092C3DB2}.Debug|x86.Build.0 = Debug|Win32
		{7013EA0E-5636-4043-809B-4C96092C3DB2}.Release|x64.ActiveCfg = Release|x64
		{7013EA0E-5636-4043-809B-4C96092C3DB2}.Release|x64.Build.0 = Release|x64
		{7013EA0E-5636-4043-809B-4C96092C3DB2}.Release|x86.ActiveCfg = Release|Win32
		{7013EA0E-5636-4043-809B-4C96092C3DB2}.Release|x86.Build.0 = Release|Win32
		{631EC86E-F402-405B-B1F1-2F8A0E98AC40}.Debug|x64.ActiveCfg = Debug|x64
		{631EC86E-F402-405B-B1F1-2F8A0E98AC40}.Debug|x64.Build.0 = Debug|x64
		{631EC86E-F402-405B-B1F1-2F8A0E98AC40}.Debug|x86.ActiveCfg = Debug|Win32
		{631EC86E-F402-405B-B1F1-2F8A0E98AC40}.Debug|x86.Build.0 = Debug|Win32
		{631EC86E-F402-405B-B1F1-2F8A0E98AC40}.Release|x64.ActiveCfg = Release|x64
		{631EC86E-F402-405B-B1F1-2F8A0E98AC40}.Release|x64.Build.0 = Release|x64
		{631EC86E-F402-405B-B1F1-2F8A0E98AC40}.Release|x86.ActiveCfg = Release|Win32
		{631EC86E-F402-405B-B1F1-2F8A0E98AC40}.Release|x86.Build.0 = Release|Win32
		{E7CB4165-1819-493F-9669-8C2C99427747}.Debug|x64.ActiveCfg = Debug|x64
		{E7CB4165-1819-493F-9669-8C2C99427747}.Debug|x64.Build.0 = Debug|x64
		{E7CB4165-1819-493F-9669-8C2C99427747}.Debug|x86.ActiveCfg = Debug|Win32
		{E7CB4165-1819-493F-9669-8C2C99427747}.Debug|x86.Build.0 = Debug|Win32
		{E7CB4165-1819-493F-9669-8C2C99427747}.Release|x64.ActiveCfg = Release|x64
		{E7CB4165-1819-493F-9669-8C2C99427747}.Release|x64.Build.0 = Release|x64
		{E7CB4165-1819-493F-9669-8C2C99427747}.Release|x86.ActiveCfg = Release|Win32
		{E7CB4165-1819-493F-9669-8C2C99427747}.Release|x86.Build.0 = Release|Win32
		{609A47D5-FD57-47BF-8402-7AC396F72515}.Debug|x64.ActiveCfg = Debug|x64
		{609A47D5-FD57-47BF-8402-7AC396F72515}.Debug|x64.Build.0 = Debug|x64
		{609A47D5-FD57-47BF-8402-7AC396F72515}.Debug|x86.ActiveCfg = Debug|Win32
		{609A47D5-FD57-47BF-8402-7AC396F72515}.Debug|x86.Build.0 = Debug|Win32
		{609A47D5-FD57-47BF-8402-7AC396F72515}.Release|x64.ActiveCfg = Release|x64
		{609A47D5-FD57-47BF-8402-7AC396F72515}.Release|x64.Build.0 = Release|x64
		{609A47D5-FD57-47BF-8402-7AC396F72515}.Release|x86.ActiveCfg = Release|Win32
		{609A47D5-FD57-47BF-8402-7AC396F72515}.Release|x86.Build.0 = Release|Win32
		{BADCCC86-AC7F-49B7-A7BD-6222451A79C7}.Debug|x64.ActiveCfg = Debug|x64
		{BADCCC86-AC7F-49B7-A7BD-6222451A79C7}.Debug|x64.Build.0 = Debug|x64
		{BADCCC86-AC7F-49B7-A7BD-6222451A79C7}.Debug|x86.ActiveCfg = Debug|Win32
		{BADCCC86-AC7F-49B7-A7BD-6222451A79C7}.Debug|x86.Build.0 = Debug|Win32
		{BADCCC86-AC7F-49B7-A7BD-6222451A79C7}.Release|x64.ActiveCfg = Release|x64
		{BADCCC86-AC7F-49B7-A7BD-6222451A79C7}.Release|x64.Build.0 = Release|x64
		{BADCCC86-AC7F-49B7-A7BD-6222451A79C7}.Release|x86.ActiveCfg = Release|Win32
		{BADCCC86-AC7F-49B7-A7BD-6222451A79C7}.Release|x86.Build.0 = Release|Win32
		{DCEB5153-66B3-4516-83E6-F37326EF9D72}.Debug|x64.ActiveCfg = Debug|x64
		{DCEB5153-66B3-4516-83E6-F37326EF9D72}.Debug|x64.Build.0 = Debug|x64
		{DCEB5153-66B3-4516-83E6-F37326EF9D72}.Debug|x86.ActiveCfg = Debug|Win32
		{DCEB5153-66B3-4516-83E6-F37326EF9D72}.Debug|x86.Build.0 = Debug|Win32
		{DCEB5153-66B3-4516-83E6-F37326EF9D72}.Release|x64.ActiveCfg = Release|x64
		{DCEB5153-66B3-4516-83E6-F37326EF9D72}.Release|x64.Build.0 = Release|x64
		{DCEB5153-66B3-4516-83E6-F37326EF9D72}.Release|x86.ActiveCfg = Release|Win32
		{DCEB5153-66B3-4516-83E6-F37326EF9D72}.Release|x86.Build.0 = Release|Win32
		{76DB4BB8-F02D-4F08-95A5-6D3F9FC91579}.Debug|x64.ActiveCfg = Debug|x64
		{76DB4BB8-F02D-4F08-95A5-6D3F9FC91579}.Debug|x64.Build.0 = Debug|x64
		{76DB4BB8-F02D-4F08-95A5-6D3F9FC91579}.Debug|x86.ActiveCfg = Debug|Win32
		{76DB4BB8-F02D-4F08-95A5-6D3F9FC91579}.Debug|x86.Build.0 = Debug|Win32
		{76DB4BB8-F02D-4F08-95A5-6D3F9FC91579}.Release|x64.ActiveCfg = Release|x64
		{76DB4BB8-F02D-4F08-95A5-6D3F9FC91579}.Release|x64.Build.0 = Release|x64
		{76DB4BB8-F02D-4F08-95A5-6D3F9FC91579}.Release|x86.ActiveCfg = Release|Win32
		{76DB4BB8-F02D-4F08-95A5-6D3F9FC91579}.Release|x86.Build.0 = Release|Win32
		{401D7266-C1BC-4D76-AD23-B5758A87EB51}.Debug|x64.ActiveCfg = Debug|x64
		{401D7266-C1BC-4D76-AD23-B5758A87EB51}.Debug|x64.Build.0 = Debug|x64
		{401D7266-C1BC-4D76-AD23-B5758A87EB51}.Debug|x86.ActiveCfg = Debug|Win32
		{401D7266-C1BC-4D76-AD23-B5758A87EB51}.Debug|x86.Build.0 = Debug|Win32
		{401D7266-C1BC-4D76-AD23-B5758A87EB51}.Release|x64.ActiveCfg = Release|x64
		{401D7266-C1BC-4D76-AD23-B5758A87EB51}.Release|x64.Build.0 = Release|x64
		{401D7266-C1BC-4D76-AD23-B5758A87EB51}.Release|x86.ActiveCfg = Release|Win32
		{401D7266-C1BC-4D76-AD23-B5758A87EB51}.Release|x86.Build.0 = Release|Win32
		{6DDFA356-39E3-4DE7-A667-F1E6D641789C}.Debug|x64.ActiveCfg = Debug|x64
		{6DDFA356-39E3-4DE7-A667-F1E6D641789C}.Debug|x64.Build.0 = Debug|x64
		{6DDFA356-39E3-4DE7-A667-F1E6D641789C}.Debug|x86.ActiveCfg = Debug|Win32
		{6DDFA356-39E3-4DE7-A667-F1E6D641789C}.Debug|x86.Build.0 = Debug|Win32
		{6DDFA356-39E3-4DE7-A667-F1E6D641789C}.Release|x64.ActiveCfg = Release|x64
		{6DDFA356-39E3-4DE7-A667-F1E6D641789C}.Release|x64.Build.0 = Release|x64
		{6DDFA356-39E3-4DE7-A667-F1E6D641789C}.Release|x86.ActiveCfg = Release|Win32
		{6DDFA356-39E3-4DE7-A667-F1E6D641789C}.Release|x86.Build.0 = Release|Win32
	EndGlobalSection
	GlobalSection(SolutionProperties) = preSolution
		HideSolutionNode = FALSE
	EndGlobalSection
	GlobalSection(ExtensibilityGlobals) = postSolution
		SolutionGuid = {90B3B53D-FE05-4DD0-A36E-DFC7F9FCDAEC}
	EndGlobalSection
EndGlobal
